{
  "name": "nomoney",
  "version": "2.5.0",
  "lockfileVersion": 3,
  "requires": true,
  "packages": {
    "": {
      "name": "nomoney",
      "version": "2.5.0",
      "license": "ISC",
      "dependencies": {
        "@ttskch/select2-bootstrap4-theme": "1.3.2",
        "bootstrap": "5.3.3",
        "chart.js": "3.4.1",
        "chartjs-adapter-moment": "0.1.1",
        "jquery": "3.6.0",
        "jstree": "3.3.9",
        "moment": "2.30.1",
        "prismjs": "1.29.0",
        "select2": "4.0.2",
        "tempusdominus-bootstrap-4": "5.39.0"
      }
    },
    "node_modules/@popperjs/core": {
      "version": "2.11.8",
      "resolved": "https://registry.npmjs.org/@popperjs/core/-/core-2.11.8.tgz",
      "integrity": "sha512-P1st0aksCrn9sGZhp8GMYwBnQsbvAWsZAX44oXNNvLHGqAOcoVxmjZiohstwQ7SqKnbR47akdNi+uleWD8+g6A==",
      "license": "MIT",
      "peer": true,
      "funding": {
        "type": "opencollective",
        "url": "https://opencollective.com/popperjs"
      }
    },
    "node_modules/@ttskch/select2-bootstrap4-theme": {
      "version": "1.3.2",
      "resolved": "https://registry.npmjs.org/@ttskch/select2-bootstrap4-theme/-/select2-bootstrap4-theme-1.3.2.tgz",
      "integrity": "sha512-wm5QbtsZAJs9+IMNa9IrMJiCwJFrvutYKYRZAg6gut4/x7RBANsoSA1xQ5v9QxwhZ+kmb9Sh0BjvWm3K8glunQ==",
      "license": "MIT"
    },
    "node_modules/almond": {
      "version": "0.3.3",
      "resolved": "https://registry.npmjs.org/almond/-/almond-0.3.3.tgz",
      "integrity": "sha512-Eh5QhyxrKnTI0OuGpwTRvzRrnu1NF3F2kbQJRwpXj/uMy0uycwqw2/RhdDrD1cBTD1JFFHFrxGIU8HQztowR0g==",
      "license": "MIT",
      "engines": {
        "node": ">=0.4.0"
      }
    },
    "node_modules/bootstrap": {
      "version": "5.3.3",
      "resolved": "https://registry.npmjs.org/bootstrap/-/bootstrap-5.3.3.tgz",
      "integrity": "sha512-8HLCdWgyoMguSO9o+aH+iuZ+aht+mzW0u3HIMzVu7Srrpv7EBBxTnrFlSCskwdY1+EOFQSm7uMJhNQHkdPcmjg==",
      "funding": [
        {
          "type": "github",
          "url": "https://github.com/sponsors/twbs"
        },
        {
          "type": "opencollective",
          "url": "https://opencollective.com/bootstrap"
        }
      ],
      "license": "MIT",
      "peerDependencies": {
        "@popperjs/core": "^2.11.8"
      }
    },
    "node_modules/chart.js": {
      "version": "3.4.1",
      "resolved": "https://registry.npmjs.org/chart.js/-/chart.js-3.4.1.tgz",
      "integrity": "sha512-0R4mL7WiBcYoazIhrzSYnWcOw6RmrRn7Q4nKZNsBQZCBrlkZKodQbfeojCCo8eETPRCs1ZNTsAcZhIfyhyP61g==",
      "license": "MIT"
    },
    "node_modules/chartjs-adapter-moment": {
      "version": "0.1.1",
      "resolved": "https://registry.npmjs.org/chartjs-adapter-moment/-/chartjs-adapter-moment-0.1.1.tgz",
      "integrity": "sha512-lFGCiqpn+0e6CEbEKdG1L3LYR0jnKFqtXsExzmEWXGCxdymTFSqntiWAqWAYDblL/QB3sUk881xVGzhWZdn4kQ==",
      "license": "MIT",
      "peerDependencies": {
        "chart.js": ">=2.8.0",
        "moment": "^2.10.2"
      }
    },
    "node_modules/jquery": {
      "version": "3.6.0",
      "resolved": "https://registry.npmjs.org/jquery/-/jquery-3.6.0.tgz",
      "integrity": "sha512-JVzAR/AjBvVt2BmYhxRCSYysDsPcssdmTFnzyLEts9qNwmjmu4JTAMYubEfwVOSwpQ1I1sKKFcxhZCI2buerfw==",
      "license": "MIT"
    },
    "node_modules/jquery-mousewheel": {
      "version": "3.1.13",
      "resolved": "https://registry.npmjs.org/jquery-mousewheel/-/jquery-mousewheel-3.1.13.tgz",
      "integrity": "sha512-GXhSjfOPyDemM005YCEHvzrEALhKDIswtxSHSR2e4K/suHVJKJxxRCGz3skPjNxjJjQa9AVSGGlYjv1M3VLIPg=="
    },
    "node_modules/jstree": {
      "version": "3.3.9",
      "resolved": "https://registry.npmjs.org/jstree/-/jstree-3.3.9.tgz",
      "integrity": "sha512-jRIbhg+BHrIs1Wm6oiJt3oKTVBE6sWS0PCp2/RlkIUqsLUPWUYgV3q8LfKoi1/E+YMzGtP6BuK4okk+0mwfmhQ==",
      "license": "MIT",
      "dependencies": {
        "jquery": ">=1.9.1"
      }
    },
    "node_modules/moment": {
      "version": "2.30.1",
      "resolved": "https://registry.npmjs.org/moment/-/moment-2.30.1.tgz",
      "integrity": "sha512-uEmtNhbDOrWPFS+hdjFCBfy9f2YoyzRpwcl+DqpC6taX21FzsTLQVbMV/W7PzNSX6x/bhC1zA3c2UQ5NzH6how==",
      "license": "MIT",
      "engines": {
        "node": "*"
      }
    },
    "node_modules/moment-timezone": {
      "version": "0.5.48",
      "resolved": "https://registry.npmjs.org/moment-timezone/-/moment-timezone-0.5.48.tgz",
      "integrity": "sha512-f22b8LV1gbTO2ms2j2z13MuPogNoh5UzxL3nzNAYKGraILnbGc9NEE6dyiiiLv46DGRb8A4kg8UKWLjPthxBHw==",
      "license": "MIT",
      "dependencies": {
        "moment": "^2.29.4"
      },
      "engines": {
        "node": "*"
      }
    },
    "node_modules/popper.js": {
      "version": "1.16.1",
      "resolved": "https://registry.npmjs.org/popper.js/-/popper.js-1.16.1.tgz",
      "integrity": "sha512-Wb4p1J4zyFTbM+u6WuO4XstYx4Ky9Cewe4DWrel7B0w6VVICvPwdOpotjzcf6eD8TsckVnIMNONQyPIUFOUbCQ==",
      "deprecated": "You can find the new Popper v2 at @popperjs/core, this package is dedicated to the legacy v1",
      "license": "MIT",
      "funding": {
        "type": "opencollective",
        "url": "https://opencollective.com/popperjs"
      }
    },
    "node_modules/prismjs": {
      "version": "1.29.0",
      "resolved": "https://registry.npmjs.org/prismjs/-/prismjs-1.29.0.tgz",
      "integrity": "sha512-Kx/1w86q/epKcmte75LNrEoT+lX8pBpavuAbvJWRXar7Hz8jrtF+e3vY751p0R8H9HdArwaCTNDDzHg/ScJK1Q==",
      "license": "MIT",
      "engines": {
        "node": ">=6"
      }
    },
    "node_modules/select2": {
      "version": "4.0.2",
      "resolved": "https://registry.npmjs.org/select2/-/select2-4.0.2.tgz",
      "integrity": "sha512-Jao44VxcDdoVQo6nu9e553rwY0rIWEOewAHjy937vh4Ycm7xaoep73My5vL6500n/bGpLozj1n4u02nrDLJTqg==",
      "license": "MIT",
      "dependencies": {
        "almond": "~0.3.1",
        "jquery-mousewheel": "~3.1.13"
      }
    },
    "node_modules/tempusdominus-bootstrap-4": {
      "version": "5.39.0",
      "resolved": "https://registry.npmjs.org/tempusdominus-bootstrap-4/-/tempusdominus-bootstrap-4-5.39.0.tgz",
      "integrity": "sha512-vYnkmQYQq4+A51WyRc/6e03eM0BHDoPaxd556K1pd4Nhr0eGeB3+Mi9b+3CDx4189fg3gQlrsKzgJiHPRwSX3Q==",
      "license": "MIT",
      "dependencies": {
        "bootstrap": "^4.5.2",
        "jquery": "^3.5.1",
        "moment": "^2.29.0",
        "moment-timezone": "^0.5.31",
        "popper.js": "^1.16.1"
      },
      "peerDependencies": {
        "bootstrap": ">=4.5.2",
        "jquery": "^3.5.1",
        "moment": "^2.29.0",
        "moment-timezone": "^0.5.31",
        "popper.js": "^1.16.1",
        "tempusdominus-core": "5.19.0"
      }
    },
    "node_modules/tempusdominus-bootstrap-4/node_modules/bootstrap": {
      "version": "4.6.2",
      "resolved": "https://registry.npmjs.org/bootstrap/-/bootstrap-4.6.2.tgz",
      "integrity": "sha512-51Bbp/Uxr9aTuy6ca/8FbFloBUJZLHwnhTcnjIeRn2suQWsWzcuJhGjKDB5eppVte/8oCdOL3VuwxvZDUggwGQ==",
      "funding": [
        {
          "type": "github",
          "url": "https://github.com/sponsors/twbs"
        },
        {
          "type": "opencollective",
          "url": "https://opencollective.com/bootstrap"
        }
      ],
      "license": "MIT",
      "peerDependencies": {
        "jquery": "1.9.1 - 3",
        "popper.js": "^1.16.1"
      }
    },
    "node_modules/tempusdominus-core": {
      "version": "5.19.0",
      "resolved": "https://registry.npmjs.org/tempusdominus-core/-/tempusdominus-core-5.19.0.tgz",
      "integrity": "sha512-7a4oBQw4cjz6C87BLRg3KHVvzpnPlnRTkuDZ7SwcJayQQ4QgOryX5u6wj0q07TXhgtMQLCntZO6nVhHIKPaeUw==",
      "license": "MIT",
      "peer": true,
      "dependencies": {
        "jquery": "^3.5.0",
        "moment": "~2.24.0",
        "moment-timezone": "^0.5.28"
      },
      "peerDependencies": {
        "jquery": "^3.0",
        "moment": "^2.10",
        "moment-timezone": "^0.5.0"
      }
    },
    "node_modules/tempusdominus-core/node_modules/moment": {
      "version": "2.24.0",
      "resolved": "https://registry.npmjs.org/moment/-/moment-2.24.0.tgz",
      "integrity": "sha512-bV7f+6l2QigeBBZSM/6yTNq4P2fNpSWj/0e7jQcy87A8e7o2nAfP/34/2ky5Vw4B9S446EtIhodAzkFCcR4dQg==",
      "license": "MIT",
      "peer": true,
      "engines": {
        "node": "*"
      }
    }
  }
}
